
Microsoft Visual Studio Solution File, Format Version 12.00
# Visual Studio 15
VisualStudioVersion = 15.0.28307.489
MinimumVisualStudioVersion = 10.0.40219.1
Project("{FAE04EC0-301F-11D3-BF4B-00C04F79EFBC}") = "ClinicNetCore", "ClinicNetCore\ClinicNetCore.csproj", "{BABD6F46-2292-43A0-A9E5-B170DE018B12}"
EndProject
Global
	GlobalSection(SolutionConfigurationPlatforms) = preSolution
		Debug|Any CPU = Debug|Any CPU
		Release|Any CPU = Release|Any CPU
	EndGlobalSection
	GlobalSection(ProjectConfigurationPlatforms) = postSolution
		{BABD6F46-2292-43A0-A9E5-B170DE018B12}.Debug|Any CPU.ActiveCfg = Debug|Any CPU
		{BABD6F46-2292-43A0-A9E5-B170DE018B12}.Debug|Any CPU.Build.0 = Debug|Any CPU
		{BABD6F46-2292-43A0-A9E5-B170DE018B12}.Release|Any CPU.ActiveCfg = Release|Any CPU
		{BABD6F46-2292-43A0-A9E5-B170DE018B12}.Release|Any CPU.Build.0 = Release|Any CPU
	EndGlobalSection
	GlobalSection(SolutionProperties) = preSolution
		HideSolutionNode = FALSE
	EndGlobalSection
	GlobalSection(ExtensibilityGlobals) = postSolution
		SolutionGuid = {02BDE634-47BA-4615-BDF6-E9F41EEE97DB}
	EndGlobalSection
EndGlobal
